Microsoft Visual Studio Solution File, Format Version 12.00
# Visual Studio Version 17
VisualStudioVersion = 17.5.2.0
MinimumVisualStudioVersion = 10.0.40219.1
Project("{FAE04EC0-301F-11D3-BF4B-00C04F79EFBC}") = "DesafioTarget", "DesafioTarget.csproj", "{5C75C55D-AF8D-891F-3180-D6ACEB97B4E3}"
EndProject
Global
	GlobalSection(SolutionConfigurationPlatforms) = preSolution
		Debug|Any CPU = Debug|Any CPU
		Release|Any CPU = Release|Any CPU
	EndGlobalSection
	GlobalSection(ProjectConfigurationPlatforms) = postSolution
		{5C75C55D-AF8D-891F-3180-D6ACEB97B4E3}.Debug|Any CPU.ActiveCfg = Debug|Any CPU
		{5C75C55D-AF8D-891F-3180-D6ACEB97B4E3}.Debug|Any CPU.Build.0 = Debug|Any CPU
		{5C75C55D-AF8D-891F-3180-D6ACEB97B4E3}.Release|Any CPU.ActiveCfg = Release|Any CPU
		{5C75C55D-AF8D-891F-3180-D6ACEB97B4E3}.Release|Any CPU.Build.0 = Release|Any CPU
	EndGlobalSection
	GlobalSection(SolutionProperties) = preSolution
		HideSolutionNode = FALSE
	EndGlobalSection
	GlobalSection(ExtensibilityGlobals) = postSolution
		SolutionGuid = {FE5E639C-A25B-4E61-9D04-4AF57CB2EB3D}
	EndGlobalSection
EndGlobal
